
Microsoft Visual Studio Solution File, Format Version 12.00
# Visual Studio Version 17
VisualStudioVersion = 17.9.34622.214
MinimumVisualStudioVersion = 10.0.40219.1
Project("{FAE04EC0-301F-11D3-BF4B-00C04F79EFBC}") = "calculator4", "calculator4\calculator4.csproj", "{1ED634D6-1FE9-44FD-ADE6-8C17EED122C0}"
EndProject
Global
	GlobalSection(SolutionConfigurationPlatforms) = preSolution
		Debug|Any CPU = Debug|Any CPU
		Release|Any CPU = Release|Any CPU
	EndGlobalSection
	GlobalSection(ProjectConfigurationPlatforms) = postSolution
		{1ED634D6-1FE9-44FD-ADE6-8C17EED122C0}.Debug|Any CPU.ActiveCfg = Debug|Any CPU
		{1ED634D6-1FE9-44FD-ADE6-8C17EED122C0}.Debug|Any CPU.Build.0 = Debug|Any CPU
		{1ED634D6-1FE9-44FD-ADE6-8C17EED122C0}.Release|Any CPU.ActiveCfg = Release|Any CPU
		{1ED634D6-1FE9-44FD-ADE6-8C17EED122C0}.Release|Any CPU.Build.0 = Release|Any CPU
	EndGlobalSection
	GlobalSection(SolutionProperties) = preSolution
		HideSolutionNode = FALSE
	EndGlobalSection
	GlobalSection(ExtensibilityGlobals) = postSolution
		SolutionGuid = {440FB996-DC03-45F3-B1B2-C0FD64163039}
	EndGlobalSection
EndGlobal
